// !$*UTF8*$!
{
	archiveVersion = 1;
	classes = {
	};
	objectVersion = 46;
	objects = {

/* Begin PBXBuildFile section */
		FE6406A11D547EE200652BAC /* objcNotificationCenter.h in Headers */ = {isa = PBXBuildFile; fileRef = FE6406A01D547EE200652BAC /* objcNotificationCenter.h */; settings = {ATTRIBUTES = (Public, ); }; };
		FE6406A81D547EE200652BAC /* objcNotificationCenter.framework in Frameworks */ = {isa = PBXBuildFile; fileRef = FE64069D1D547EE200652BAC /* objcNotificationCenter.framework */; };
		FE6406AD1D547EE200652BAC /* objcNotificationCenterTests.m in Sources */ = {isa = PBXBuildFile; fileRef = FE6406AC1D547EE200652BAC /* objcNotificationCenterTests.m */; };
		FE6406BA1D547F2400652BAC /* Cartfile in Resources */ = {isa = PBXBuildFile; fileRef = FE6406B71D547F2400652BAC /* Cartfile */; };
		FE6406BB1D547F2400652BAC /* objcNotificationCenter.podspec in Resources */ = {isa = PBXBuildFile; fileRef = FE6406B81D547F2400652BAC /* objcNotificationCenter.podspec */; };
		FE6406BF1D547F6F00652BAC /* VDNotificationElement.h in Headers */ = {isa = PBXBuildFile; fileRef = FE6406BD1D547F6F00652BAC /* VDNotificationElement.h */; settings = {ATTRIBUTES = (Public, ); }; };
		FE6406C01D547F6F00652BAC /* VDNotificationElement.m in Sources */ = {isa = PBXBuildFile; fileRef = FE6406BE1D547F6F00652BAC /* VDNotificationElement.m */; };
		FE6406C21D54802500652BAC /* objcHook.framework in Frameworks */ = {isa = PBXBuildFile; fileRef = FE6406C11D54802500652BAC /* objcHook.framework */; };
		FE6406C41D54808000652BAC /* objcBlock.framework in Frameworks */ = {isa = PBXBuildFile; fileRef = FE6406C31D54808000652BAC /* objcBlock.framework */; };
		FE6406C71D5480B100652BAC /* NSObject+VDNotification.h in Headers */ = {isa = PBXBuildFile; fileRef = FE6406C51D5480B100652BAC /* NSObject+VDNotification.h */; settings = {ATTRIBUTES = (Public, ); }; };
		FE6406C81D5480B100652BAC /* NSObject+VDNotification.m in Sources */ = {isa = PBXBuildFile; fileRef = FE6406C61D5480B100652BAC /* NSObject+VDNotification.m */; };
/* End PBXBuildFile section */

/* Begin PBXContainerItemProxy section */
		FE6406A91D547EE200652BAC /* PBXContainerItemProxy */ = {
			isa = PBXContainerItemProxy;
			containerPortal = FE6406941D547EE200652BAC /* Project object */;
			proxyType = 1;
			remoteGlobalIDString = FE64069C1D547EE200652BAC;
			remoteInfo = objcNotificationCenter;
		};
/* End PBXContainerItemProxy section */

/* Begin PBXFileReference section */
		FE64069D1D547EE200652BAC /* objcNotificationCenter.framework */ = {isa = PBXFileReference; explicitFileType = wrapper.framework; includeInIndex = 0; path = objcNotificationCenter.framework; sourceTree = BUILT_PRODUCTS_DIR; };
		FE6406A01D547EE200652BAC /* objcNotificationCenter.h */ = {isa = PBXFileReference; lastKnownFileType = sourcecode.c.h; path = objcNotificationCenter.h; sourceTree = "<group>"; };
		FE6406A21D547EE200652BAC /* Info.plist */ = {isa = PBXFileReference; lastKnownFileType = text.plist.xml; path = Info.plist; sourceTree = "<group>"; };
		FE6406A71D547EE200652BAC /* objcNotificationCenterTests.xctest */ = {isa = PBXFileReference; explicitFileType = wrapper.cfbundle; includeInIndex = 0; path = objcNotificationCenterTests.xctest; sourceTree = BUILT_PRODUCTS_DIR; };
		FE6406AC1D547EE200652BAC /* objcNotificationCenterTests.m */ = {isa = PBXFileReference; lastKnownFileType = sourcecode.c.objc; path = objcNotificationCenterTests.m; sourceTree = "<group>"; };
		FE6406AE1D547EE200652BAC /* Info.plist */ = {isa = PBXFileReference; lastKnownFileType = text.plist.xml; path = Info.plist; sourceTree = "<group>"; };
		FE6406B71D547F2400652BAC /* Cartfile */ = {isa = PBXFileReference; fileEncoding = 4; lastKnownFileType = text; path = Cartfile; sourceTree = "<group>"; };
		FE6406B81D547F2400652BAC /* objcNotificationCenter.podspec */ = {isa = PBXFileReference; fileEncoding = 4; lastKnownFileType = text; path = objcNotificationCenter.podspec; sourceTree = "<group>"; };
		FE6406B91D547F2400652BAC /* README.md */ = {isa = PBXFileReference; fileEncoding = 4; lastKnownFileType = net.daringfireball.markdown; path = README.md; sourceTree = "<group>"; };
		FE6406BD1D547F6F00652BAC /* VDNotificationElement.h */ = {isa = PBXFileReference; fileEncoding = 4; lastKnownFileType = sourcecode.c.h; path = VDNotificationElement.h; sourceTree = "<group>"; };
		FE6406BE1D547F6F00652BAC /* VDNotificationElement.m */ = {isa = PBXFileReference; fileEncoding = 4; lastKnownFileType = sourcecode.c.objc; path = VDNotificationElement.m; sourceTree = "<group>"; };
		FE6406C11D54802500652BAC /* objcHook.framework */ = {isa = PBXFileReference; lastKnownFileType = wrapper.framework; name = objcHook.framework; path = Carthage/Build/iOS/objcHook.framework; sourceTree = "<group>"; };
		FE6406C31D54808000652BAC /* objcBlock.framework */ = {isa = PBXFileReference; lastKnownFileType = wrapper.framework; name = objcBlock.framework; path = Carthage/Build/iOS/objcBlock.framework; sourceTree = "<group>"; };
		FE6406C51D5480B100652BAC /* NSObject+VDNotification.h */ = {isa = PBXFileReference; fileEncoding = 4; lastKnownFileType = sourcecode.c.h; path = "NSObject+VDNotification.h"; sourceTree = "<group>"; };
		FE6406C61D5480B100652BAC /* NSObject+VDNotification.m */ = {isa = PBXFileReference; fileEncoding = 4; lastKnownFileType = sourcecode.c.objc; path = "NSObject+VDNotification.m"; sourceTree = "<group>"; };
/* End PBXFileReference section */

/* Begin PBXFrameworksBuildPhase section */
		FE6406991D547EE200652BAC /* Frameworks */ = {
			isa = PBXFrameworksBuildPhase;
			buildActionMask = 2147483647;
			files = (
				FE6406C41D54808000652BAC /* objcBlock.framework in Frameworks */,
				FE6406C21D54802500652BAC /* objcHook.framework in Frameworks */,
			);
			runOnlyForDeploymentPostprocessing = 0;
		};
		FE6406A41D547EE200652BAC /* Frameworks */ = {
			isa = PBXFrameworksBuildPhase;
			buildActionMask = 2147483647;
			files = (
				FE6406A81D547EE200652BAC /* objcNotificationCenter.framework in Frameworks */,
			);
			runOnlyForDeploymentPostprocessing = 0;
		};
/* End PBXFrameworksBuildPhase section */

/* Begin PBXGroup section */
		FE6406931D547EE200652BAC = {
			isa = PBXGroup;
			children = (
				FE6406C31D54808000652BAC /* objcBlock.framework */,
				FE6406C11D54802500652BAC /* objcHook.framework */,
				FE64069F1D547EE200652BAC /* objcNotificationCenter */,
				FE6406AB1D547EE200652BAC /* objcNotificationCenterTests */,
				FE64069E1D547EE200652BAC /* Products */,
				FE6406B71D547F2400652BAC /* Cartfile */,
				FE6406B81D547F2400652BAC /* objcNotificationCenter.podspec */,
				FE6406B91D547F2400652BAC /* README.md */,
			);
			sourceTree = "<group>";
		};
		FE64069E1D547EE200652BAC /* Products */ = {
			isa = PBXGroup;
			children = (
				FE64069D1D547EE200652BAC /* objcNotificationCenter.framework */,
				FE6406A71D547EE200652BAC /* objcNotificationCenterTests.xctest */,
			);
			name = Products;
			sourceTree = "<group>";
		};
		FE64069F1D547EE200652BAC /* objcNotificationCenter */ = {
			isa = PBXGroup;
			children = (
				FE6406A01D547EE200652BAC /* objcNotificationCenter.h */,
				FE6406A21D547EE200652BAC /* Info.plist */,
				FE6406BD1D547F6F00652BAC /* VDNotificationElement.h */,
				FE6406BE1D547F6F00652BAC /* VDNotificationElement.m */,
				FE6406C51D5480B100652BAC /* NSObject+VDNotification.h */,
				FE6406C61D5480B100652BAC /* NSObject+VDNotification.m */,
			);
			path = objcNotificationCenter;
			sourceTree = "<group>";
		};
		FE6406AB1D547EE200652BAC /* objcNotificationCenterTests */ = {
			isa = PBXGroup;
			children = (
				FE6406AC1D547EE200652BAC /* objcNotificationCenterTests.m */,
				FE6406AE1D547EE200652BAC /* Info.plist */,
			);
			path = objcNotificationCenterTests;
			sourceTree = "<group>";
		};
/* End PBXGroup section */

/* Begin PBXHeadersBuildPhase section */
		FE64069A1D547EE200652BAC /* Headers */ = {
			isa = PBXHeadersBuildPhase;
			buildActionMask = 2147483647;
			files = (
				FE6406BF1D547F6F00652BAC /* VDNotificationElement.h in Headers */,
				FE6406C71D5480B100652BAC /* NSObject+VDNotification.h in Headers */,
				FE6406A11D547EE200652BAC /* objcNotificationCenter.h in Headers */,
			);
			runOnlyForDeploymentPostprocessing = 0;
		};
/* End PBXHeadersBuildPhase section */

/* Begin PBXNativeTarget section */
		FE64069C1D547EE200652BAC /* objcNotificationCenter */ = {
			isa = PBXNativeTarget;
			buildConfigurationList = FE6406B11D547EE200652BAC /* Build configuration list for PBXNativeTarget "objcNotificationCenter" */;
			buildPhases = (
				FE6406981D547EE200652BAC /* Sources */,
				FE6406991D547EE200652BAC /* Frameworks */,
				FE64069A1D547EE200652BAC /* Headers */,
				FE64069B1D547EE200652BAC /* Resources */,
			);
			buildRules = (
			);
			dependencies = (
			);
			name = objcNotificationCenter;
			productName = objcNotificationCenter;
			productReference = FE64069D1D547EE200652BAC /* objcNotificationCenter.framework */;
			productType = "com.apple.product-type.framework";
		};
		FE6406A61D547EE200652BAC /* objcNotificationCenterTests */ = {
			isa = PBXNativeTarget;
			buildConfigurationList = FE6406B41D547EE200652BAC /* Build configuration list for PBXNativeTarget "objcNotificationCenterTests" */;
			buildPhases = (
				FE6406A31D547EE200652BAC /* Sources */,
				FE6406A41D547EE200652BAC /* Frameworks */,
				FE6406A51D547EE200652BAC /* Resources */,
			);
			buildRules = (
			);
			dependencies = (
				FE6406AA1D547EE200652BAC /* PBXTargetDependency */,
			);
			name = objcNotificationCenterTests;
			productName = objcNotificationCenterTests;
			productReference = FE6406A71D547EE200652BAC /* objcNotificationCenterTests.xctest */;
			productType = "com.apple.product-type.bundle.unit-test";
		};
/* End PBXNativeTarget section */

/* Begin PBXProject section */
		FE6406941D547EE200652BAC /* Project object */ = {
			isa = PBXProject;
			attributes = {
				LastUpgradeCheck = 0730;
				ORGANIZATIONNAME = vilyever;
				TargetAttributes = {
					FE64069C1D547EE200652BAC = {
						CreatedOnToolsVersion = 7.3.1;
						DevelopmentTeam = 2594YAARKH;
					};
					FE6406A61D547EE200652BAC = {
						CreatedOnToolsVersion = 7.3.1;
						DevelopmentTeam = 2594YAARKH;
					};
				};
			};
			buildConfigurationList = FE6406971D547EE200652BAC /* Build configuration list for PBXProject "objcNotificationCenter" */;
			compatibilityVersion = "Xcode 3.2";
			developmentRegion = English;
			hasScannedForEncodings = 0;
			knownRegions = (
				en,
			);
			mainGroup = FE6406931D547EE200652BAC;
			productRefGroup = FE64069E1D547EE200652BAC /* Products */;
			projectDirPath = "";
			projectRoot = "";
			targets = (
				FE64069C1D547EE200652BAC /* objcNotificationCenter */,
				FE6406A61D547EE200652BAC /* objcNotificationCenterTests */,
			);
		};
/* End PBXProject section */

/* Begin PBXResourcesBuildPhase section */
		FE64069B1D547EE200652BAC /* Resources */ = {
			isa = PBXResourcesBuildPhase;
			buildActionMask = 2147483647;
			files = (
				FE6406BB1D547F2400652BAC /* objcNotificationCenter.podspec in Resources */,
				FE6406BA1D547F2400652BAC /* Cartfile in Resources */,
			);
			runOnlyForDeploymentPostprocessing = 0;
		};
		FE6406A51D547EE200652BAC /* Resources */ = {
			isa = PBXResourcesBuildPhase;
			buildActionMask = 2147483647;
			files = (
			);
			runOnlyForDeploymentPostprocessing = 0;
		};
/* End PBXResourcesBuildPhase section */

/* Begin PBXSourcesBuildPhase section */
		FE6406981D547EE200652BAC /* Sources */ = {
			isa = PBXSourcesBuildPhase;
			buildActionMask = 2147483647;
			files = (
				FE6406C81D5480B100652BAC /* NSObject+VDNotification.m in Sources */,
				FE6406C01D547F6F00652BAC /* VDNotificationElement.m in Sources */,
			);
			runOnlyForDeploymentPostprocessing = 0;
		};
		FE6406A31D547EE200652BAC /* Sources */ = {
			isa = PBXSourcesBuildPhase;
			buildActionMask = 2147483647;
			files = (
				FE6406AD1D547EE200652BAC /* objcNotificationCenterTests.m in Sources */,
			);
			runOnlyForDeploymentPostprocessing = 0;
		};
/* End PBXSourcesBuildPhase section */

/* Begin PBXTargetDependency section */
		FE6406AA1D547EE200652BAC /* PBXTargetDependency */ = {
			isa = PBXTargetDependency;
			target = FE64069C1D547EE200652BAC /* objcNotificationCenter */;
			targetProxy = FE6406A91D547EE200652BAC /* PBXContainerItemProxy */;
		};
/* End PBXTargetDependency section */

/* Begin XCBuildConfiguration section */
		FE6406AF1D547EE200652BAC /* Debug */ = {
			isa = XCBuildConfiguration;
			buildSettings = {
				ALWAYS_SEARCH_USER_PATHS = NO;
				CLANG_ANALYZER_NONNULL = YES;
				CLANG_CXX_LANGUAGE_STANDARD = "gnu++0x";
				CLANG_CXX_LIBRARY = "libc++";
				CLANG_ENABLE_MODULES = YES;
				CLANG_ENABLE_OBJC_ARC = YES;
				CLANG_WARN_BOOL_CONVERSION = YES;
				CLANG_WARN_CONSTANT_CONVERSION = YES;
				CLANG_WARN_DIRECT_OBJC_ISA_USAGE = YES_ERROR;
				CLANG_WARN_EMPTY_BODY = YES;
				CLANG_WARN_ENUM_CONVERSION = YES;
				CLANG_WARN_INT_CONVERSION = YES;
				CLANG_WARN_OBJC_ROOT_CLASS = YES_ERROR;
				CLANG_WARN_UNREACHABLE_CODE = YES;
				CLANG_WARN__DUPLICATE_METHOD_MATCH = YES;
				"CODE_SIGN_IDENTITY[sdk=iphoneos*]" = "iPhone Developer";
				COPY_PHASE_STRIP = NO;
				CURRENT_PROJECT_VERSION = 1;
				DEBUG_INFORMATION_FORMAT = dwarf;
				ENABLE_STRICT_OBJC_MSGSEND = YES;
				ENABLE_TESTABILITY = YES;
				GCC_C_LANGUAGE_STANDARD = gnu99;
				GCC_DYNAMIC_NO_PIC = NO;
				GCC_NO_COMMON_BLOCKS = YES;
				GCC_OPTIMIZATION_LEVEL = 0;
				GCC_PREPROCESSOR_DEFINITIONS = (
					"DEBUG=1",
					"$(inherited)",
				);
				GCC_WARN_64_TO_32_BIT_CONVERSION = YES;
				GCC_WARN_ABOUT_RETURN_TYPE = YES_ERROR;
				GCC_WARN_UNDECLARED_SELECTOR = YES;
				GCC_WARN_UNINITIALIZED_AUTOS = YES_AGGRESSIVE;
				GCC_WARN_UNUSED_FUNCTION = YES;
				GCC_WARN_UNUSED_VARIABLE = YES;
				IPHONEOS_DEPLOYMENT_TARGET = 9.3;
				MTL_ENABLE_DEBUG_INFO = YES;
				ONLY_ACTIVE_ARCH = YES;
				SDKROOT = iphoneos;
				TARGETED_DEVICE_FAMILY = "1,2";
				VERSIONING_SYSTEM = "apple-generic";
				VERSION_INFO_PREFIX = "";
			};
			name = Debug;
		};
		FE6406B01D547EE200652BAC /* Release */ = {
			isa = XCBuildConfiguration;
			buildSettings = {
				ALWAYS_SEARCH_USER_PATHS = NO;
				CLANG_ANALYZER_NONNULL = YES;
				CLANG_CXX_LANGUAGE_STANDARD = "gnu++0x";
				CLANG_CXX_LIBRARY = "libc++";
				CLANG_ENABLE_MODULES = YES;
				CLANG_ENABLE_OBJC_ARC = YES;
				CLANG_WARN_BOOL_CONVERSION = YES;
				CLANG_WARN_CONSTANT_CONVERSION = YES;
				CLANG_WARN_DIRECT_OBJC_ISA_USAGE = YES_ERROR;
				CLANG_WARN_EMPTY_BODY = YES;
				CLANG_WARN_ENUM_CONVERSION = YES;
				CLANG_WARN_INT_CONVERSION = YES;
				CLANG_WARN_OBJC_ROOT_CLASS = YES_ERROR;
				CLANG_WARN_UNREACHABLE_CODE = YES;
				CLANG_WARN__DUPLICATE_METHOD_MATCH = YES;
				"CODE_SIGN_IDENTITY[sdk=iphoneos*]" = "iPhone Developer";
				COPY_PHASE_STRIP = NO;
				CURRENT_PROJECT_VERSION = 1;
				DEBUG_INFORMATION_FORMAT = "dwarf-with-dsym";
				ENABLE_NS_ASSERTIONS = NO;
				ENABLE_STRICT_OBJC_MSGSEND = YES;
				GCC_C_LANGUAGE_STANDARD = gnu99;
				GCC_NO_COMMON_BLOCKS = YES;
				GCC_WARN_64_TO_32_BIT_CONVERSION = YES;
				GCC_WARN_ABOUT_RETURN_TYPE = YES_ERROR;
				GCC_WARN_UNDECLARED_SELECTOR = YES;
				GCC_WARN_UNINITIALIZED_AUTOS = YES_AGGRESSIVE;
				GCC_WARN_UNUSED_FUNCTION = YES;
				GCC_WARN_UNUSED_VARIABLE = YES;
				IPHONEOS_DEPLOYMENT_TARGET = 9.3;
				MTL_ENABLE_DEBUG_INFO = NO;
				SDKROOT = iphoneos;
				TARGETED_DEVICE_FAMILY = "1,2";
				VALIDATE_PRODUCT = YES;
				VERSIONING_SYSTEM = "apple-generic";
				VERSION_INFO_PREFIX = "";
			};
			name = Release;
		};
		FE6406B21D547EE200652BAC /* Debug */ = {
			isa = XCBuildConfiguration;
			buildSettings = {
				DEFINES_MODULE = YES;
				DYLIB_COMPATIBILITY_VERSION = 1;
				DYLIB_CURRENT_VERSION = 1;
				DYLIB_INSTALL_NAME_BASE = "@rpath";
				FRAMEWORK_SEARCH_PATHS = (
					"$(inherited)",
					"$(PROJECT_DIR)/Carthage/Build/iOS",
				);
				INFOPLIST_FILE = objcNotificationCenter/Info.plist;
				INSTALL_PATH = "$(LOCAL_LIBRARY_DIR)/Frameworks";
				LD_RUNPATH_SEARCH_PATHS = "$(inherited) @executable_path/Frameworks @loader_path/Frameworks";
				PRODUCT_BUNDLE_IDENTIFIER = vilyever.objcNotificationCenter;
				PRODUCT_NAME = "$(TARGET_NAME)";
				SKIP_INSTALL = YES;
			};
			name = Debug;
		};
		FE6406B31D547EE200652BAC /* Release */ = {
			isa = XCBuildConfiguration;
			buildSettings = {
				DEFINES_MODULE = YES;
				DYLIB_COMPATIBILITY_VERSION = 1;
				DYLIB_CURRENT_VERSION = 1;
				DYLIB_INSTALL_NAME_BASE = "@rpath";
				FRAMEWORK_SEARCH_PATHS = (
					"$(inherited)",
					"$(PROJECT_DIR)/Carthage/Build/iOS",
				);
				INFOPLIST_FILE = objcNotificationCenter/Info.plist;
				INSTALL_PATH = "$(LOCAL_LIBRARY_DIR)/Frameworks";
				LD_RUNPATH_SEARCH_PATHS = "$(inherited) @executable_path/Frameworks @loader_path/Frameworks";
				PRODUCT_BUNDLE_IDENTIFIER = vilyever.objcNotificationCenter;
				PRODUCT_NAME = "$(TARGET_NAME)";
				SKIP_INSTALL = YES;
			};
			name = Release;
		};
		FE6406B51D547EE200652BAC /* Debug */ = {
			isa = XCBuildConfiguration;
			buildSettings = {
				INFOPLIST_FILE = objcNotificationCenterTests/Info.plist;
				LD_RUNPATH_SEARCH_PATHS = "$(inherited) @executable_path/Frameworks @loader_path/Frameworks";
				PRODUCT_BUNDLE_IDENTIFIER = vilyever.objcNotificationCenterTests;
				PRODUCT_NAME = "$(TARGET_NAME)";
			};
			name = Debug;
		};
		FE6406B61D547EE200652BAC /* Release */ = {
			isa = XCBuildConfiguration;
			buildSettings = {
				INFOPLIST_FILE = objcNotificationCenterTests/Info.plist;
				LD_RUNPATH_SEARCH_PATHS = "$(inherited) @executable_path/Frameworks @loader_path/Frameworks";
				PRODUCT_BUNDLE_IDENTIFIER = vilyever.objcNotificationCenterTests;
				PRODUCT_NAME = "$(TARGET_NAME)";
			};
			name = Release;
		};
/* End XCBuildConfiguration section */

/* Begin XCConfigurationList section */
		FE6406971D547EE200652BAC /* Build configuration list for PBXProject "objcNotificationCenter" */ = {
			isa = XCConfigurationList;
			buildConfigurations = (
				FE6406AF1D547EE200652BAC /* Debug */,
				FE6406B01D547EE200652BAC /* Release */,
			);
			defaultConfigurationIsVisible = 0;
			defaultConfigurationName = Release;
		};
		FE6406B11D547EE200652BAC /* Build configuration list for PBXNativeTarget "objcNotificationCenter" */ = {
			isa = XCConfigurationList;
			buildConfigurations = (
				FE6406B21D547EE200652BAC /* Debug */,
				FE6406B31D547EE200652BAC /* Release */,
			);
			defaultConfigurationIsVisible = 0;
		};
		FE6406B41D547EE200652BAC /* Build configuration list for PBXNativeTarget "objcNotificationCenterTests" */ = {
			isa = XCConfigurationList;
			buildConfigurations = (
				FE6406B51D547EE200652BAC /* Debug */,
				FE6406B61D547EE200652BAC /* Release */,
			);
			defaultConfigurationIsVisible = 0;
		};
/* End XCConfigurationList section */
	};
	rootObject = FE6406941D547EE200652BAC /* Project object */;
}
